[root]
name = "sandbox_rust"
version = "0.1.0"
dependencies = [
 "gl_generator 0.5.5 (registry+https://github.com/rust-lang/crates.io-index)",
 "glfw-sys 0.1.0",
 "libc 0.2.31 (registry+https://github.com/rust-lang/crates.io-index)",
]

[[package]]
name = "bitflags"
version = "0.9.1"
source = "registry+https://github.com/rust-lang/crates.io-index"

[[package]]
name = "cc"
version = "1.0.0"
source = "registry+https://github.com/rust-lang/crates.io-index"

[[package]]
name = "cmake"
version = "0.1.26"
source = "registry+https://github.com/rust-lang/crates.io-index"
dependencies = [
 "cc 1.0.0 (registry+https://github.com/rust-lang/crates.io-index)",
]

[[package]]
name = "gl_generator"
version = "0.5.5"
source = "registry+https://github.com/rust-lang/crates.io-index"
dependencies = [
 "khronos_api 1.0.1 (registry+https://github.com/rust-lang/crates.io-index)",
 "log 0.3.8 (registry+https://github.com/rust-lang/crates.io-index)",
 "xml-rs 0.6.1 (registry+https://github.com/rust-lang/crates.io-index)",
]

[[package]]
name = "glfw-sys"
version = "0.1.0"
dependencies = [
 "cmake 0.1.26 (registry+https://github.com/rust-lang/crates.io-index)",
 "libc 0.2.31 (registry+https://github.com/rust-lang/crates.io-index)",
]

[[package]]
name = "khronos_api"
version = "1.0.1"
source = "registry+https://github.com/rust-lang/crates.io-index"

[[package]]
name = "libc"
version = "0.2.31"
source = "registry+https://github.com/rust-lang/crates.io-index"

[[package]]
name = "log"
version = "0.3.8"
source = "registry+https://github.com/rust-lang/crates.io-index"

[[package]]
name = "xml-rs"
version = "0.6.1"
source = "registry+https://github.com/rust-lang/crates.io-index"
dependencies = [
 "bitflags 0.9.1 (registry+https://github.com/rust-lang/crates.io-index)",
]

[metadata]
"checksum bitflags 0.9.1 (registry+https://github.com/rust-lang/crates.io-index)" = "4efd02e230a02e18f92fc2735f44597385ed02ad8f831e7c1c1156ee5e1ab3a5"
"checksum cc 1.0.0 (registry+https://github.com/rust-lang/crates.io-index)" = "7db2f146208d7e0fbee761b09cd65a7f51ccc38705d4e7262dad4d73b12a76b1"
"checksum cmake 0.1.26 (registry+https://github.com/rust-lang/crates.io-index)" = "357c07e7a1fc95732793c1edb5901e1a1f305cfcf63a90eb12dbd22bdb6b789d"
"checksum gl_generator 0.5.5 (registry+https://github.com/rust-lang/crates.io-index)" = "e7acbf2ba3d52e9e1ad96a84362129e9c1aa0af55ebfc86a91004e1b83eca61c"
"checksum khronos_api 1.0.1 (registry+https://github.com/rust-lang/crates.io-index)" = "d5a08e2a31d665af8f1ca437eab6d00a93c9d62a549f73f9ed8fc2e55b5a91a7"
"checksum libc 0.2.31 (registry+https://github.com/rust-lang/crates.io-index)" = "d1419b2939a0bc44b77feb34661583c7546b532b192feab36249ab584b86856c"
"checksum log 0.3.8 (registry+https://github.com/rust-lang/crates.io-index)" = "880f77541efa6e5cc74e76910c9884d9859683118839d6a1dc3b11e63512565b"
"checksum xml-rs 0.6.1 (registry+https://github.com/rust-lang/crates.io-index)" = "e1945e12e16b951721d7976520b0832496ef79c31602c7a29d950de79ba74621"
